dependencies:
  espressif/esp-modbus:
    component_hash: 2168e6b4cbda4d0281a2a2d1a40a3848e231473b2690d73217e3600fd2c98c12
    source:
      service_url: https://api.components.espressif.com/
      type: service
    version: 1.0.16
  espressif/esp_tinyusb:
    component_hash: f151d680d6847bfcfd5d8eb6d1c3ff926c208e6b963b2e83643a141bc70baa15
    source:
      service_url: https://api.components.espressif.com/
      type: service
    version: 1.4.4
  espressif/tinyusb:
    component_hash: 214989d502fc168241a4a4f83b097d8ac44a93cd6f1787b4ac10069a8b3bebd3
    source:
      service_url: https://api.components.espressif.com/
      type: service
    version: 0.15.0~10
  idf:
    component_hash: null
    source:
      type: idf
    version: 5.2.2
  mb_example_common:
    component_hash: null
    source:
      path: /Users/dhruv/esp/esp-idf/examples/protocols/modbus/mb_example_common
      type: local
    version: '*'
manifest_hash: 255c3b4759b49431573294bfad41947a87109e1a578cbca30bde9222dd0dd073
target: esp32s3
version: 1.0.0
